{
    "_meta": {
        "hash": {
            "sha256": "53466dad77f2e319fd62e213860957471019623e2a18c90cea24cc0d429e461c"
        },
        "pipfile-spec": 6,
        "requires": {
            "python_version": "2.7"
        },
        "sources": [
            {
                "name": "pypi",
                "url": "https://pypi.org/simple",
                "verify_ssl": true
            }
        ]
    },
    "default": {
        "colorama": {
            "hashes": [
                "sha256:05eed71e2e327246ad6b38c540c4a3117230b19679b875190486ddd2d721422d",
                "sha256:f8ac84de7840f5b9c4e3347b3c1eaa50f7e49c2b07596221daec5edaabbd7c48"
            ],
            "markers": "sys_platform == 'win32'",
            "version": "==0.4.1"
        },
        "coloredlogs": {
            "hashes": [
                "sha256:34fad2e342d5a559c31b6c889e8d14f97cb62c47d9a2ae7b5ed14ea10a79eff8",
                "sha256:b869a2dda3fa88154b9dd850e27828d8755bfab5a838a1c97fbc850c6e377c36"
            ],
            "index": "pypi",
            "version": "==10.0"
        },
        "enum34": {
            "hashes": [
                "sha256:2d81cbbe0e73112bdfe6ef8576f2238f2ba27dd0d55752a776c41d38b7da2850",
                "sha256:644837f692e5f550741432dd3f223bbb9852018674981b1664e5dc339387588a",
                "sha256:6bd0f6ad48ec2aa117d3d141940d484deccda84d4fcd884f5c3d93c23ecd8c79",
                "sha256:8ad8c4783bf61ded74527bffb48ed9b54166685e4230386a9ed9b1279e2df5b1"
            ],
            "markers": "python_version < '3.4'",
            "version": "==1.1.6"
        },
        "futures": {
            "hashes": [
                "sha256:49b3f5b064b6e3afc3316421a3f25f66c137ae88f068abbf72830170033c5e16",
                "sha256:7e033af76a5e35f58e56da7a91e687706faf4e7bdfb2cbc3f2cca6b9bcda9794"
            ],
            "markers": "python_version < '3.2'",
            "version": "==3.3.0"
        },
        "grpcio": {
            "hashes": [
                "sha256:03b78b4e7dcdfe3e257bb528cc93923f9cbbab6d5babf15a60d21e9a4a70b1a2",
                "sha256:1ce0ccfbdfe84387dbcbf44adb4ae16ec7ae70e166ffab478993eb1ea1cba3ce",
                "sha256:22e167a9406d73dd19ffe8ed6a485f17e6eac82505be8c108897f15e68badcbb",
                "sha256:31d0aeca8d8ee2301c62c5c340e0889d653b1280d68f9fa203982cb6337b050e",
                "sha256:44c7f99ca17ebbcc96fc54ed00b454d8313f1eac28c563098d8b901025aff941",
                "sha256:5471444f53f9db6a1f1f11f5dbc173228881df8446380b6b98f90afb8fd8348e",
                "sha256:561bca3b1bde6d6564306eb05848fd155136e9c3a25d2961129b1e2edba22fce",
                "sha256:5bf58e1d2c2f55365c06e8cb5abe067b88ca2e5550fb62009c41df4b54505acf",
                "sha256:6b7163d1e85d76b0815df63fcc310daec02b44532bb433f743142d4febcb181f",
                "sha256:766d79cddad95f5f6020037fe60ea8b98578afdf0c59d5a60c106c1bdd886303",
                "sha256:770b7372d5ca68308ff66d7baee53369fa5ce985f84bcb6aa1948c1f2f7b02f2",
                "sha256:7ab178da777fc0f55b6aef5a755f99726e8e4b75e3903954df07b27059b54fcf",
                "sha256:8078305e77c2f6649d36b24d8778096413e474d9d7892c6f92cfb589c9d71b2e",
                "sha256:85600b63a386d860eeaa955e9335e18dd0d7e5477e9214825abf2c2884488369",
                "sha256:857d9b939ae128be1c0c792eb885c7ff6a386b9dea899ac4b06f4d90a31f9d87",
                "sha256:87a41630c90c179fa5c593400f30a467c498972c702f348d41e19dafeb1d319e",
                "sha256:8805d486c6128cc0fcc8ecf16c4095d99a8693a541ef851429ab334e028a4a97",
                "sha256:8d71b7a89c306a41ccc7741fc9409b14f5b86727455c2a1c0c7cfcb0f784e1f2",
                "sha256:9e1b80bd65f8f160880cb4dad7f55697f6d37b2d7f251fc0c2128e811928f369",
                "sha256:9e290c84a145ae2411ee0ec9913c41cd7500e2e7485fe93632434d84ef4fda67",
                "sha256:9ec9f88b5bc94bd99372f27cdd53af1c92ba06717380b127733b953cfb181174",
                "sha256:a0a02a8b4ba6deadf706d5f849539b3685b72b186a3c9ef5d43e8972ed60fb6f",
                "sha256:a4059c59519f5940e01a071f74ae2a60ea8f6185b03d22a09d40c7959a36b16b",
                "sha256:a6e028c2a6da2ebfa2365a5b32531d311fbfec0e3600fc27e901b64f0ff7e54e",
                "sha256:adcdebf9f8463df4120c427cf6c9aed39258bccd03ed37b6939e7a145d64d6e0",
                "sha256:bdec982610259d07156a58f80b8c3e69be7751a9208bc577b059c5193d087fad",
                "sha256:cefc4d4251ffb73feb303d4b7e9d6c367cb60f2db16d259ea28b114045f965aa",
                "sha256:d4145c8aa6afbac10ad27e408f7ce15992fe89ba5d0b4abca31c0c2729864c03",
                "sha256:da76dc5ad719ee99de5ea28a5629ff92172cbb4a70d8a6ae3a5b7a53c7382ce1",
                "sha256:dde2452c08ef8b6426ccab6b5b6de9f06d836d9937d6870e68153cbf8cb49348",
                "sha256:e3d88091d2539a4868750914a6fe7b9ec50e42b913851fc1b77423b5bd918530",
                "sha256:f9c67cfe6278499d7f83559dc6322a8bbb108e307817a3d7acbfea807b3603cc"
            ],
            "index": "pypi",
            "version": "==1.22.0"
        },
        "grpcio-tools": {
            "hashes": [
                "sha256:0d8e85d7e62ea4e04ff75eace98dd0b53b22bd57dc1efbed0f8398db884e1cf6",
                "sha256:160e6fd9c44a3f6c76a8c2f84014e367d41a3cae27c451406b616f9a08ba2b1f",
                "sha256:337554658b4a4c0a6e1ee75acd6681ec45007e1d6d1975e885f92b665881e33a",
                "sha256:36390281f31861b8b685f7e8366ff8abbcdcedf3dda7b73133be56db71d3283b",
                "sha256:3dd362bcd1db5247760b7f8b8157abd53e47210a17df9de994f064819ba64c04",
                "sha256:4381f3722f3c5d02626796f9db6dd0dcb75c13245ea5655b54880ab7bd239a73",
                "sha256:4b5a5fe3e949bd03e068c05070f3cdc6a01b68323efb667199d3c67a30ef515c",
                "sha256:4f43d03e3e1f5f7bb14b8bba35a607e35ea4589fed778b8321c97810bc0a76ac",
                "sha256:67d1a8d71b2572250124ebdebbfac7248563bb97ab139916fb265705d1b0dbe2",
                "sha256:6e6fab6e8e92aadb70b4167e5eadd843e8c850d97213fdf4a39f6e4d3596e6f0",
                "sha256:75fe16b642564e47c65cf6d23362079cdbbbc5c544b59c7bc1a3a7c8865d73e3",
                "sha256:78bc91e38fe6a6c80de084014e22365c788811773829f28621878a803dd6af48",
                "sha256:8dde6f660e8390380e987b0661b2ced31bafa2d3dde9845bd918a007d998e7a8",
                "sha256:928de5a03fa2664d20433d3023e512fa1f8bc0588ff3eceee33c2d93b82e0110",
                "sha256:9a4348b0309c444e5b7bfd3a2cf38bdb354c56e5f4b966eb88b249aff46b0a4c",
                "sha256:9af68a58dc1a339e5735425a66b0a7146114b6fbc860d1f8b74b277d151f7bf1",
                "sha256:a3447b842ab2964a834776be0a38b93d1977887d43cb69a2ce9941388923d8a9",
                "sha256:a83b82b39e32a3110e45a11f0df9aceacefd201c25da79a66edda60d37a9f2e6",
                "sha256:b05de8f16752b50851cd1caa3e63a49b35f8adb3eee0cec8991b231fac0c158d",
                "sha256:b5c0fe51a155625c9d1132ab8deb56b3015e111a6961e48aeb9dd89bd7c670ab",
                "sha256:b659d2306dd79818b2fae0543377e199bcf656404032e24f2af53a0e5338b5c9",
                "sha256:b688dd1d83fdb46ab84d14a0711a0033984add9717619513f21e00f1b005f986",
                "sha256:bbe9c13774ecaf99beb39d05c3ee659771c903add0c5e7a761c79387f653f69f",
                "sha256:c23f59a04ed9db331922e5f02425958a907a019e157f14a6b95dd0ca1bcf05a6",
                "sha256:cf0c35fe4a8b0dc78d9bf181317d9fe9cd21a397429d9c0c01c0178cf20e4442",
                "sha256:cfd2320a0b4233ec4b9d3ac8d19df69194548bd32473fdba366cb50930f59dc2",
                "sha256:d5c82c63ec24f0de5151e478cabfca23afd39005b6d0ba62dccf81cf19b0ae7f",
                "sha256:d8d3dcb3832c209c66c67bd0f62289358b2cb942a68c00ac94c2ebf6870f731e",
                "sha256:d98ed0a731d6c4cee39e76ba0bc2225455da097f41fa11ebfa27fe3854b6cc98",
                "sha256:dbb2dd5367bfd71a6a779f6b237de015d6e508df129a126fc2a39da8a675457b",
                "sha256:f3c135ad51ec95667bb945be107d0176f3048e615283104bf30027fe8bc06a8e",
                "sha256:f8d75ead0ef7d060699b6c87b11f3c54e0c4b8e24065cbd262b64d300558a420"
            ],
            "index": "pypi",
            "version": "==1.22.0"
        },
        "humanfriendly": {
            "hashes": [
                "sha256:23057b10ad6f782e7bc3a20e3cb6768ab919f619bbdc0dd75691121bbde5591d",
                "sha256:33ee8ceb63f1db61cce8b5c800c531e1a61023ac5488ccde2ba574a85be00a85"
            ],
            "version": "==4.18"
        },
        "mongoengine": {
            "hashes": [
                "sha256:9301ca84ada9377a200a50541f9be7d5308081bf2112049d00e1dd163f80b940",
                "sha256:fa3e73c966fca2b814cc1103ac4f55bcca7aae05028b112ef0cc8b321ee4a2f7"
            ],
            "index": "pypi",
            "version": "==0.18.2"
        },
        "monotonic": {
            "hashes": [
                "sha256:23953d55076df038541e648a53676fb24980f7a1be290cdda21300b3bc21dfb0",
                "sha256:552a91f381532e33cbd07c6a2655a21908088962bb8fa7239ecbcc6ad1140cc7"
            ],
            "markers": "python_version == '2.6' or python_version == '2.7' or python_version == '3.0' or python_version == '3.1' or python_version == '3.2'",
            "version": "==1.5"
        },
        "protobuf": {
            "hashes": [
                "sha256:00a1b0b352dc7c809749526d1688a64b62ea400c5b05416f93cfb1b11a036295",
                "sha256:01acbca2d2c8c3f7f235f1842440adbe01bbc379fa1cbdd80753801432b3fae9",
                "sha256:0a795bca65987b62d6b8a2d934aa317fd1a4d06a6dd4df36312f5b0ade44a8d9",
                "sha256:0ec035114213b6d6e7713987a759d762dd94e9f82284515b3b7331f34bfaec7f",
                "sha256:31b18e1434b4907cb0113e7a372cd4d92c047ce7ba0fa7ea66a404d6388ed2c1",
                "sha256:32a3abf79b0bef073c70656e86d5bd68a28a1fbb138429912c4fc07b9d426b07",
                "sha256:55f85b7808766e5e3f526818f5e2aeb5ba2edcc45bcccede46a3ccc19b569cb0",
                "sha256:64ab9bc971989cbdd648c102a96253fdf0202b0c38f15bd34759a8707bdd5f64",
                "sha256:64cf847e843a465b6c1ba90fb6c7f7844d54dbe9eb731e86a60981d03f5b2e6e",
                "sha256:917c8662b585470e8fd42f052661fc66d59fccaae450a60044307dcbf82a3335",
                "sha256:afed9003d7f2be2c3df20f64220c30faec441073731511728a2cb4cab4cd46a6",
                "sha256:bf8e05d638b585d1752c5a84247134a0350d3a8b73d3632489a014a9f6f1e758",
                "sha256:d831b047bd69becaf64019a47179eb22118a50dd008340655266a906c69c6417",
                "sha256:de2760583ed28749ff885789c1cbc6c9c06d6de92fc825740ab99deb2f25ea4d",
                "sha256:eabc4cf1bc19689af8022ba52fd668564a8d96e0d08f3b4732d26a64255216a4",
                "sha256:fcff6086c86fb1628d94ea455c7b9de898afc50378042927a59df8065a79a549"
            ],
            "version": "==3.9.1"
        },
        "pymongo": {
            "hashes": [
                "sha256:32421df60d06f479d71b6b539642e410ece3006e8910688e68df962c8eb40a21",
                "sha256:324b22a8443e11faca44c96b20e7ec8a9e59a1e664457edeeb4f796080b31cde",
                "sha256:4505ff8b7923dd7a8bed1bf25c9c4d0df5ab0b8b2821f2296533f2149a55f401",
                "sha256:460b224681ea711e48e3638d15be2249024031b7dcb9622ba19c2e85bd5a26cc",
                "sha256:47473b70c5f3cd5ddd2c49ab3b9ceafdafbbed5bc963f147df22a9343d7978f5",
                "sha256:49375839af76834e9c5c3cc78c78386873fd0b2ad9a0860a7dc4ec9fe73af9dd",
                "sha256:4a65f0f71ece86c860d30a1436b646db8ea32aec518845ef2903ca569faec32e",
                "sha256:530621906c5dd6d27305b39c4e017701e5f4299aa68b93cde70eb985f94ca26f",
                "sha256:54f4770b5810e8dc3cbeed675874195f02bb2bc4e95a9d665068edfb3baff4f7",
                "sha256:5ed9382410e938b0ff76041c34018210504729a83bcf4f6a70c7092c28169f6f",
                "sha256:61cad83637ae12c1c825130d7f9325cd6c162e3a64e8747a8144866020be3ff4",
                "sha256:61e8e1c58b4fdf47ab79b7c7db8bb022c1e40b3b5fcbbaeea5fc94dc5c75638d",
                "sha256:6e04e496af7d156b66cce70460011c621ecbadf5dcdce325c7acbb3cd6ea245d",
                "sha256:7ef89ec435e89da902451dde6845066fe2770befaf0301fe2a1ac426b51fced3",
                "sha256:854e8425e5eb775ccfffad04ecd094c99923d60a2c2d49babb5c435e836a91fa",
                "sha256:9569796d48498e4db4e1d56284b626a8ed15f641ce3a8b2085f06bb03f4c2c88",
                "sha256:9d50c99c6388863cbfdc5db9bad62e3a7c2e5fc151554a07c7f3c2530334a34f",
                "sha256:9ea016c2c011df21f77c1f806ce45129a344ba2d414bd50f9e065b13a4a134be",
                "sha256:a8421f0823174888fb12a5fa675322e756499d71e77ff712b4412d4b8f3c6503",
                "sha256:aef7d88384ada699976350a285c7a333f96ebc959e98e7d2c98589f47bbf3b7f",
                "sha256:b4d7ff9957ee770cf03bd7156a68a2f2e838e60712d9608eadc8741c15d01e72",
                "sha256:c1db85c39e6a60588f855dbc7bd68fb0dab796096148ab5aa4abecaff19e1c6e",
                "sha256:cee2fc0b94e66e7230da12fc4b3d34793c49957e16ee04f6468a94e264a1e41d",
                "sha256:cf1dea28379a16b23e47db312883f07b3ba8d9d6abc1c59e51d4c8ae1820ab43",
                "sha256:d1cd175df7c8b5fc976bade78bf4d9fb5aa7ab465c0f59931e380bbe188ef8fc",
                "sha256:d48a94edf3cdd34524936a72ea01b352682b337f33a42db10ba29a96c37147d3",
                "sha256:d9cc103a4e97f78bc77a1d72759ab3722f6cdf0374ad4fb4b0c53bd3238bdf98",
                "sha256:fcb9ae8aa9158106c5d98a4349ec0d90b68f052d620b2d24622ba03b91e4d81d"
            ],
            "version": "==3.8.0"
        },
        "pyreadline": {
            "hashes": [
                "sha256:4530592fc2e85b25b1a9f79664433da09237c1a270e4d78ea5aa3a2c7229e2d1"
            ],
            "markers": "sys_platform == 'win32'",
            "version": "==2.1"
        },
        "six": {
            "hashes": [
                "sha256:3350809f0555b11f552448330d0b52d5f24c91a322ea4a15ef22629740f3761c",
                "sha256:d16a0141ec1a18405cd4ce8b4613101da75da0e9a7aec5bdd4fa804d0e0eba73"
            ],
            "version": "==1.12.0"
        }
    },
    "develop": {}
}
